
Microsoft Visual Studio Solution File, Format Version 12.00
# Visual Studio Version 17
VisualStudioVersion = 17.3.32929.385
MinimumVisualStudioVersion = 10.0.40219.1
Project("{9A19103F-16F7-4668-BE54-9A1E7A4F7556}") = "PostApp", "PostApp\PostApp.csproj", "{D0AEA4AE-F027-4D67-A6D3-411C2094C555}"
EndProject
Project("{9A19103F-16F7-4668-BE54-9A1E7A4F7556}") = "Domain", "Domain\Domain.csproj", "{139FD173-66C4-4911-BB41-35523BAF83A5}"
EndProject
Project("{9A19103F-16F7-4668-BE54-9A1E7A4F7556}") = "Service", "Service\Service.csproj", "{AC9AFFB3-DEAA-4821-959B-C15C94B1F484}"
EndProject
Project("{9A19103F-16F7-4668-BE54-9A1E7A4F7556}") = "Utilities", "Utilities\Utilities.csproj", "{AFBC14D7-E023-47A4-9B7C-5619B3650082}"
EndProject
Project("{FAE04EC0-301F-11D3-BF4B-00C04F79EFBC}") = "DataAccess", "DataAccess\DataAccess.csproj", "{5537C17E-57F5-4EC3-AD52-ADE1E36F5434}"
EndProject
Global
	GlobalSection(SolutionConfigurationPlatforms) = preSolution
		Debug|Any CPU = Debug|Any CPU
		Release|Any CPU = Release|Any CPU
	EndGlobalSection
	GlobalSection(ProjectConfigurationPlatforms) = postSolution
		{D0AEA4AE-F027-4D67-A6D3-411C2094C555}.Debug|Any CPU.ActiveCfg = Debug|Any CPU
		{D0AEA4AE-F027-4D67-A6D3-411C2094C555}.Debug|Any CPU.Build.0 = Debug|Any CPU
		{D0AEA4AE-F027-4D67-A6D3-411C2094C555}.Release|Any CPU.ActiveCfg = Release|Any CPU
		{D0AEA4AE-F027-4D67-A6D3-411C2094C555}.Release|Any CPU.Build.0 = Release|Any CPU
		{139FD173-66C4-4911-BB41-35523BAF83A5}.Debug|Any CPU.ActiveCfg = Debug|Any CPU
		{139FD173-66C4-4911-BB41-35523BAF83A5}.Debug|Any CPU.Build.0 = Debug|Any CPU
		{139FD173-66C4-4911-BB41-35523BAF83A5}.Release|Any CPU.ActiveCfg = Release|Any CPU
		{139FD173-66C4-4911-BB41-35523BAF83A5}.Release|Any CPU.Build.0 = Release|Any CPU
		{AC9AFFB3-DEAA-4821-959B-C15C94B1F484}.Debug|Any CPU.ActiveCfg = Debug|Any CPU
		{AC9AFFB3-DEAA-4821-959B-C15C94B1F484}.Debug|Any CPU.Build.0 = Debug|Any CPU
		{AC9AFFB3-DEAA-4821-959B-C15C94B1F484}.Release|Any CPU.ActiveCfg = Release|Any CPU
		{AC9AFFB3-DEAA-4821-959B-C15C94B1F484}.Release|Any CPU.Build.0 = Release|Any CPU
		{AFBC14D7-E023-47A4-9B7C-5619B3650082}.Debug|Any CPU.ActiveCfg = Debug|Any CPU
		{AFBC14D7-E023-47A4-9B7C-5619B3650082}.Debug|Any CPU.Build.0 = Debug|Any CPU
		{AFBC14D7-E023-47A4-9B7C-5619B3650082}.Release|Any CPU.ActiveCfg = Release|Any CPU
		{AFBC14D7-E023-47A4-9B7C-5619B3650082}.Release|Any CPU.Build.0 = Release|Any CPU
		{5537C17E-57F5-4EC3-AD52-ADE1E36F5434}.Debug|Any CPU.ActiveCfg = Debug|Any CPU
		{5537C17E-57F5-4EC3-AD52-ADE1E36F5434}.Debug|Any CPU.Build.0 = Debug|Any CPU
		{5537C17E-57F5-4EC3-AD52-ADE1E36F5434}.Release|Any CPU.ActiveCfg = Release|Any CPU
		{5537C17E-57F5-4EC3-AD52-ADE1E36F5434}.Release|Any CPU.Build.0 = Release|Any CPU
	EndGlobalSection
	GlobalSection(SolutionProperties) = preSolution
		HideSolutionNode = FALSE
	EndGlobalSection
	GlobalSection(ExtensibilityGlobals) = postSolution
		SolutionGuid = {F163BAB5-573E-48B1-95AE-3517EEC82546}
	EndGlobalSection
EndGlobal
